
Microsoft Visual Studio Solution File, Format Version 12.00
# Visual Studio 14
VisualStudioVersion = 14.0.25420.1
MinimumVisualStudioVersion = 10.0.40219.1
Project("{FAE04EC0-301F-11D3-BF4B-00C04F79EFBC}") = "Fiap.Cursos.Mobile", "Fiap.Cursos.Mobile\Fiap.Cursos.Mobile\Fiap.Cursos.Mobile.csproj", "{F4FC6A42-2E1E-404B-899C-0A0A992A2B42}"
EndProject
Project("{FAE04EC0-301F-11D3-BF4B-00C04F79EFBC}") = "Fiap.Cursos.Mobile.Droid", "Fiap.Cursos.Mobile\Fiap.Cursos.Mobile.Droid\Fiap.Cursos.Mobile.Droid.csproj", "{2488788B-CD27-453C-8764-866F9F29C72C}"
EndProject
Project("{FAE04EC0-301F-11D3-BF4B-00C04F79EFBC}") = "Fiap.Cursos.Mobile.iOS", "Fiap.Cursos.Mobile\Fiap.Cursos.Mobile.iOS\Fiap.Cursos.Mobile.iOS.csproj", "{19A35FDC-F0F4-40D0-8AF0-0BA050C3728C}"
EndProject
Project("{FAE04EC0-301F-11D3-BF4B-00C04F79EFBC}") = "Fiap.Cursos.Mobile.WinPhone", "Fiap.Cursos.Mobile\Fiap.Cursos.Mobile.WinPhone\Fiap.Cursos.Mobile.WinPhone.csproj", "{9DFC9200-B2B1-4533-890F-9648942A0CF5}"
EndProject
Project("{FAE04EC0-301F-11D3-BF4B-00C04F79EFBC}") = "Fiap.Cursos.Mobile.API", "Fiap.Cursos.Mobile.API\Fiap.Cursos.Mobile.API.csproj", "{6217A98E-D685-47BB-8A85-71F9F0BB49AD}"
EndProject
Global
	GlobalSection(SolutionConfigurationPlatforms) = preSolution
		Ad-Hoc|Any CPU = Ad-Hoc|Any CPU
		Ad-Hoc|ARM = Ad-Hoc|ARM
		Ad-Hoc|iPhone = Ad-Hoc|iPhone
		Ad-Hoc|iPhoneSimulator = Ad-Hoc|iPhoneSimulator
		Ad-Hoc|x64 = Ad-Hoc|x64
		Ad-Hoc|x86 = Ad-Hoc|x86
		AppStore|Any CPU = AppStore|Any CPU
		AppStore|ARM = AppStore|ARM
		AppStore|iPhone = AppStore|iPhone
		AppStore|iPhoneSimulator = AppStore|iPhoneSimulator
		AppStore|x64 = AppStore|x64
		AppStore|x86 = AppStore|x86
		Debug|Any CPU = Debug|Any CPU
		Debug|ARM = Debug|ARM
		Debug|iPhone = Debug|iPhone
		Debug|iPhoneSimulator = Debug|iPhoneSimulator
		Debug|x64 = Debug|x64
		Debug|x86 = Debug|x86
		Release|Any CPU = Release|Any CPU
		Release|ARM = Release|ARM
		Release|iPhone = Release|iPhone
		Release|iPhoneSimulator = Release|iPhoneSimulator
		Release|x64 = Release|x64
		Release|x86 = Release|x86
	EndGlobalSection
	GlobalSection(ProjectConfigurationPlatforms) = postSolution
		{F4FC6A42-2E1E-404B-899C-0A0A992A2B42}.Ad-Hoc|Any CPU.ActiveCfg = Release|Any CPU
		{F4FC6A42-2E1E-404B-899C-0A0A992A2B42}.Ad-Hoc|Any CPU.Build.0 = Release|Any CPU
		{F4FC6A42-2E1E-404B-899C-0A0A992A2B42}.Ad-Hoc|ARM.ActiveCfg = Release|Any CPU
		{F4FC6A42-2E1E-404B-899C-0A0A992A2B42}.Ad-Hoc|ARM.Build.0 = Release|Any CPU
		{F4FC6A42-2E1E-404B-899C-0A0A992A2B42}.Ad-Hoc|iPhone.ActiveCfg = Release|Any CPU
		{F4FC6A42-2E1E-404B-899C-0A0A992A2B42}.Ad-Hoc|iPhone.Build.0 = Release|Any CPU
		{F4FC6A42-2E1E-404B-899C-0A0A992A2B42}.Ad-Hoc|iPhoneSimulator.ActiveCfg = Release|Any CPU
		{F4FC6A42-2E1E-404B-899C-0A0A992A2B42}.Ad-Hoc|iPhoneSimulator.Build.0 = Release|Any CPU
		{F4FC6A42-2E1E-404B-899C-0A0A992A2B42}.Ad-Hoc|x64.ActiveCfg = Release|Any CPU
		{F4FC6A42-2E1E-404B-899C-0A0A992A2B42}.Ad-Hoc|x64.Build.0 = Release|Any CPU
		{F4FC6A42-2E1E-404B-899C-0A0A992A2B42}.Ad-Hoc|x86.ActiveCfg = Release|Any CPU
		{F4FC6A42-2E1E-404B-899C-0A0A992A2B42}.Ad-Hoc|x86.Build.0 = Release|Any CPU
		{F4FC6A42-2E1E-404B-899C-0A0A992A2B42}.AppStore|Any CPU.ActiveCfg = Release|Any CPU
		{F4FC6A42-2E1E-404B-899C-0A0A992A2B42}.AppStore|Any CPU.Build.0 = Release|Any CPU
		{F4FC6A42-2E1E-404B-899C-0A0A992A2B42}.AppStore|ARM.ActiveCfg = Release|Any CPU
		{F4FC6A42-2E1E-404B-899C-0A0A992A2B42}.AppStore|ARM.Build.0 = Release|Any CPU
		{F4FC6A42-2E1E-404B-899C-0A0A992A2B42}.AppStore|iPhone.ActiveCfg = Release|Any CPU
		{F4FC6A42-2E1E-404B-899C-0A0A992A2B42}.AppStore|iPhone.Build.0 = Release|Any CPU
		{F4FC6A42-2E1E-404B-899C-0A0A992A2B42}.AppStore|iPhoneSimulator.ActiveCfg = Release|Any CPU
		{F4FC6A42-2E1E-404B-899C-0A0A992A2B42}.AppStore|iPhoneSimulator.Build.0 = Release|Any CPU
		{F4FC6A42-2E1E-404B-899C-0A0A992A2B42}.AppStore|x64.ActiveCfg = Release|Any CPU
		{F4FC6A42-2E1E-404B-899C-0A0A992A2B42}.AppStore|x64.Build.0 = Release|Any CPU
		{F4FC6A42-2E1E-404B-899C-0A0A992A2B42}.AppStore|x86.ActiveCfg = Release|Any CPU
		{F4FC6A42-2E1E-404B-899C-0A0A992A2B42}.AppStore|x86.Build.0 = Release|Any CPU
		{F4FC6A42-2E1E-404B-899C-0A0A992A2B42}.Debug|Any CPU.ActiveCfg = Debug|Any CPU
		{F4FC6A42-2E1E-404B-899C-0A0A992A2B42}.Debug|Any CPU.Build.0 = Debug|Any CPU
		{F4FC6A42-2E1E-404B-899C-0A0A992A2B42}.Debug|ARM.ActiveCfg = Debug|Any CPU
		{F4FC6A42-2E1E-404B-899C-0A0A992A2B42}.Debug|ARM.Build.0 = Debug|Any CPU
		{F4FC6A42-2E1E-404B-899C-0A0A992A2B42}.Debug|iPhone.ActiveCfg = Debug|Any CPU
		{F4FC6A42-2E1E-404B-899C-0A0A992A2B42}.Debug|iPhone.Build.0 = Debug|Any CPU
		{F4FC6A42-2E1E-404B-899C-0A0A992A2B42}.Debug|iPhoneSimulator.ActiveCfg = Debug|Any CPU
		{F4FC6A42-2E1E-404B-899C-0A0A992A2B42}.Debug|iPhoneSimulator.Build.0 = Debug|Any CPU
		{F4FC6A42-2E1E-404B-899C-0A0A992A2B42}.Debug|x64.ActiveCfg = Debug|Any CPU
		{F4FC6A42-2E1E-404B-899C-0A0A992A2B42}.Debug|x64.Build.0 = Debug|Any CPU
		{F4FC6A42-2E1E-404B-899C-0A0A992A2B42}.Debug|x86.ActiveCfg = Debug|Any CPU
		{F4FC6A42-2E1E-404B-899C-0A0A992A2B42}.Debug|x86.Build.0 = Debug|Any CPU
		{F4FC6A42-2E1E-404B-899C-0A0A992A2B42}.Release|Any CPU.ActiveCfg = Release|Any CPU
		{F4FC6A42-2E1E-404B-899C-0A0A992A2B42}.Release|Any CPU.Build.0 = Release|Any CPU
		{F4FC6A42-2E1E-404B-899C-0A0A992A2B42}.Release|ARM.ActiveCfg = Release|Any CPU
		{F4FC6A42-2E1E-404B-899C-0A0A992A2B42}.Release|ARM.Build.0 = Release|Any CPU
		{F4FC6A42-2E1E-404B-899C-0A0A992A2B42}.Release|iPhone.ActiveCfg = Release|Any CPU
		{F4FC6A42-2E1E-404B-899C-0A0A992A2B42}.Release|iPhone.Build.0 = Release|Any CPU
		{F4FC6A42-2E1E-404B-899C-0A0A992A2B42}.Release|iPhoneSimulator.ActiveCfg = Release|Any CPU
		{F4FC6A42-2E1E-404B-899C-0A0A992A2B42}.Release|iPhoneSimulator.Build.0 = Release|Any CPU
		{F4FC6A42-2E1E-404B-899C-0A0A992A2B42}.Release|x64.ActiveCfg = Release|Any CPU
		{F4FC6A42-2E1E-404B-899C-0A0A992A2B42}.Release|x64.Build.0 = Release|Any CPU
		{F4FC6A42-2E1E-404B-899C-0A0A992A2B42}.Release|x86.ActiveCfg = Release|Any CPU
		{F4FC6A42-2E1E-404B-899C-0A0A992A2B42}.Release|x86.Build.0 = Release|Any CPU
		{2488788B-CD27-453C-8764-866F9F29C72C}.Ad-Hoc|Any CPU.ActiveCfg = Release|Any CPU
		{2488788B-CD27-453C-8764-866F9F29C72C}.Ad-Hoc|Any CPU.Build.0 = Release|Any CPU
		{2488788B-CD27-453C-8764-866F9F29C72C}.Ad-Hoc|Any CPU.Deploy.0 = Release|Any CPU
		{2488788B-CD27-453C-8764-866F9F29C72C}.Ad-Hoc|ARM.ActiveCfg = Release|Any CPU
		{2488788B-CD27-453C-8764-866F9F29C72C}.Ad-Hoc|ARM.Build.0 = Release|Any CPU
		{2488788B-CD27-453C-8764-866F9F29C72C}.Ad-Hoc|ARM.Deploy.0 = Release|Any CPU
		{2488788B-CD27-453C-8764-866F9F29C72C}.Ad-Hoc|iPhone.ActiveCfg = Release|Any CPU
		{2488788B-CD27-453C-8764-866F9F29C72C}.Ad-Hoc|iPhone.Build.0 = Release|Any CPU
		{2488788B-CD27-453C-8764-866F9F29C72C}.Ad-Hoc|iPhone.Deploy.0 = Release|Any CPU
		{2488788B-CD27-453C-8764-866F9F29C72C}.Ad-Hoc|iPhoneSimulator.ActiveCfg = Release|Any CPU
		{2488788B-CD27-453C-8764-866F9F29C72C}.Ad-Hoc|iPhoneSimulator.Build.0 = Release|Any CPU
		{2488788B-CD27-453C-8764-866F9F29C72C}.Ad-Hoc|iPhoneSimulator.Deploy.0 = Release|Any CPU
		{2488788B-CD27-453C-8764-866F9F29C72C}.Ad-Hoc|x64.ActiveCfg = Release|Any CPU
		{2488788B-CD27-453C-8764-866F9F29C72C}.Ad-Hoc|x64.Build.0 = Release|Any CPU
		{2488788B-CD27-453C-8764-866F9F29C72C}.Ad-Hoc|x64.Deploy.0 = Release|Any CPU
		{2488788B-CD27-453C-8764-866F9F29C72C}.Ad-Hoc|x86.ActiveCfg = Release|Any CPU
		{2488788B-CD27-453C-8764-866F9F29C72C}.Ad-Hoc|x86.Build.0 = Release|Any CPU
		{2488788B-CD27-453C-8764-866F9F29C72C}.Ad-Hoc|x86.Deploy.0 = Release|Any CPU
		{2488788B-CD27-453C-8764-866F9F29C72C}.AppStore|Any CPU.ActiveCfg = Release|Any CPU
		{2488788B-CD27-453C-8764-866F9F29C72C}.AppStore|Any CPU.Build.0 = Release|Any CPU
		{2488788B-CD27-453C-8764-866F9F29C72C}.AppStore|Any CPU.Deploy.0 = Release|Any CPU
		{2488788B-CD27-453C-8764-866F9F29C72C}.AppStore|ARM.ActiveCfg = Release|Any CPU
		{2488788B-CD27-453C-8764-866F9F29C72C}.AppStore|ARM.Build.0 = Release|Any CPU
		{2488788B-CD27-453C-8764-866F9F29C72C}.AppStore|ARM.Deploy.0 = Release|Any CPU
		{2488788B-CD27-453C-8764-866F9F29C72C}.AppStore|iPhone.ActiveCfg = Release|Any CPU
		{2488788B-CD27-453C-8764-866F9F29C72C}.AppStore|iPhone.Build.0 = Release|Any CPU
		{2488788B-CD27-453C-8764-866F9F29C72C}.AppStore|iPhone.Deploy.0 = Release|Any CPU
		{2488788B-CD27-453C-8764-866F9F29C72C}.AppStore|iPhoneSimulator.ActiveCfg = Release|Any CPU
		{2488788B-CD27-453C-8764-866F9F29C72C}.AppStore|iPhoneSimulator.Build.0 = Release|Any CPU
		{2488788B-CD27-453C-8764-866F9F29C72C}.AppStore|iPhoneSimulator.Deploy.0 = Release|Any CPU
		{2488788B-CD27-453C-8764-866F9F29C72C}.AppStore|x64.ActiveCfg = Release|Any CPU
		{2488788B-CD27-453C-8764-866F9F29C72C}.AppStore|x64.Build.0 = Release|Any CPU
		{2488788B-CD27-453C-8764-866F9F29C72C}.AppStore|x64.Deploy.0 = Release|Any CPU
		{2488788B-CD27-453C-8764-866F9F29C72C}.AppStore|x86.ActiveCfg = Release|Any CPU
		{2488788B-CD27-453C-8764-866F9F29C72C}.AppStore|x86.Build.0 = Release|Any CPU
		{2488788B-CD27-453C-8764-866F9F29C72C}.AppStore|x86.Deploy.0 = Release|Any CPU
		{2488788B-CD27-453C-8764-866F9F29C72C}.Debug|Any CPU.ActiveCfg = Debug|Any CPU
		{2488788B-CD27-453C-8764-866F9F29C72C}.Debug|Any CPU.Build.0 = Debug|Any CPU
		{2488788B-CD27-453C-8764-866F9F29C72C}.Debug|Any CPU.Deploy.0 = Debug|Any CPU
		{2488788B-CD27-453C-8764-866F9F29C72C}.Debug|ARM.ActiveCfg = Debug|Any CPU
		{2488788B-CD27-453C-8764-866F9F29C72C}.Debug|ARM.Build.0 = Debug|Any CPU
		{2488788B-CD27-453C-8764-866F9F29C72C}.Debug|ARM.Deploy.0 = Debug|Any CPU
		{2488788B-CD27-453C-8764-866F9F29C72C}.Debug|iPhone.ActiveCfg = Debug|Any CPU
		{2488788B-CD27-453C-8764-866F9F29C72C}.Debug|iPhone.Build.0 = Debug|Any CPU
		{2488788B-CD27-453C-8764-866F9F29C72C}.Debug|iPhone.Deploy.0 = Debug|Any CPU
		{2488788B-CD27-453C-8764-866F9F29C72C}.Debug|iPhoneSimulator.ActiveCfg = Debug|Any CPU
		{2488788B-CD27-453C-8764-866F9F29C72C}.Debug|iPhoneSimulator.Build.0 = Debug|Any CPU
		{2488788B-CD27-453C-8764-866F9F29C72C}.Debug|iPhoneSimulator.Deploy.0 = Debug|Any CPU
		{2488788B-CD27-453C-8764-866F9F29C72C}.Debug|x64.ActiveCfg = Debug|Any CPU
		{2488788B-CD27-453C-8764-866F9F29C72C}.Debug|x64.Build.0 = Debug|Any CPU
		{2488788B-CD27-453C-8764-866F9F29C72C}.Debug|x64.Deploy.0 = Debug|Any CPU
		{2488788B-CD27-453C-8764-866F9F29C72C}.Debug|x86.ActiveCfg = Debug|Any CPU
		{2488788B-CD27-453C-8764-866F9F29C72C}.Debug|x86.Build.0 = Debug|Any CPU
		{2488788B-CD27-453C-8764-866F9F29C72C}.Debug|x86.Deploy.0 = Debug|Any CPU
		{2488788B-CD27-453C-8764-866F9F29C72C}.Release|Any CPU.ActiveCfg = Release|Any CPU
		{2488788B-CD27-453C-8764-866F9F29C72C}.Release|Any CPU.Build.0 = Release|Any CPU
		{2488788B-CD27-453C-8764-866F9F29C72C}.Release|Any CPU.Deploy.0 = Release|Any CPU
		{2488788B-CD27-453C-8764-866F9F29C72C}.Release|ARM.ActiveCfg = Release|Any CPU
		{2488788B-CD27-453C-8764-866F9F29C72C}.Release|ARM.Build.0 = Release|Any CPU
		{2488788B-CD27-453C-8764-866F9F29C72C}.Release|ARM.Deploy.0 = Release|Any CPU
		{2488788B-CD27-453C-8764-866F9F29C72C}.Release|iPhone.ActiveCfg = Release|Any CPU
		{2488788B-CD27-453C-8764-866F9F29C72C}.Release|iPhone.Build.0 = Release|Any CPU
		{2488788B-CD27-453C-8764-866F9F29C72C}.Release|iPhone.Deploy.0 = Release|Any CPU
		{2488788B-CD27-453C-8764-866F9F29C72C}.Release|iPhoneSimulator.ActiveCfg = Release|Any CPU
		{2488788B-CD27-453C-8764-866F9F29C72C}.Release|iPhoneSimulator.Build.0 = Release|Any CPU
		{2488788B-CD27-453C-8764-866F9F29C72C}.Release|iPhoneSimulator.Deploy.0 = Release|Any CPU
		{2488788B-CD27-453C-8764-866F9F29C72C}.Release|x64.ActiveCfg = Release|Any CPU
		{2488788B-CD27-453C-8764-866F9F29C72C}.Release|x64.Build.0 = Release|Any CPU
		{2488788B-CD27-453C-8764-866F9F29C72C}.Release|x64.Deploy.0 = Release|Any CPU
		{2488788B-CD27-453C-8764-866F9F29C72C}.Release|x86.ActiveCfg = Release|Any CPU
		{2488788B-CD27-453C-8764-866F9F29C72C}.Release|x86.Build.0 = Release|Any CPU
		{2488788B-CD27-453C-8764-866F9F29C72C}.Release|x86.Deploy.0 = Release|Any CPU
		{19A35FDC-F0F4-40D0-8AF0-0BA050C3728C}.Ad-Hoc|Any CPU.ActiveCfg = Ad-Hoc|iPhone
		{19A35FDC-F0F4-40D0-8AF0-0BA050C3728C}.Ad-Hoc|ARM.ActiveCfg = Ad-Hoc|iPhone
		{19A35FDC-F0F4-40D0-8AF0-0BA050C3728C}.Ad-Hoc|iPhone.ActiveCfg = Ad-Hoc|iPhone
		{19A35FDC-F0F4-40D0-8AF0-0BA050C3728C}.Ad-Hoc|iPhone.Build.0 = Ad-Hoc|iPhone
		{19A35FDC-F0F4-40D0-8AF0-0BA050C3728C}.Ad-Hoc|iPhoneSimulator.ActiveCfg = Ad-Hoc|iPhoneSimulator
		{19A35FDC-F0F4-40D0-8AF0-0BA050C3728C}.Ad-Hoc|iPhoneSimulator.Build.0 = Ad-Hoc|iPhoneSimulator
		{19A35FDC-F0F4-40D0-8AF0-0BA050C3728C}.Ad-Hoc|x64.ActiveCfg = Ad-Hoc|iPhone
		{19A35FDC-F0F4-40D0-8AF0-0BA050C3728C}.Ad-Hoc|x86.ActiveCfg = Ad-Hoc|iPhone
		{19A35FDC-F0F4-40D0-8AF0-0BA050C3728C}.AppStore|Any CPU.ActiveCfg = AppStore|iPhone
		{19A35FDC-F0F4-40D0-8AF0-0BA050C3728C}.AppStore|ARM.ActiveCfg = AppStore|iPhone
		{19A35FDC-F0F4-40D0-8AF0-0BA050C3728C}.AppStore|iPhone.ActiveCfg = AppStore|iPhone
		{19A35FDC-F0F4-40D0-8AF0-0BA050C3728C}.AppStore|iPhone.Build.0 = AppStore|iPhone
		{19A35FDC-F0F4-40D0-8AF0-0BA050C3728C}.AppStore|iPhoneSimulator.ActiveCfg = AppStore|iPhoneSimulator
		{19A35FDC-F0F4-40D0-8AF0-0BA050C3728C}.AppStore|iPhoneSimulator.Build.0 = AppStore|iPhoneSimulator
		{19A35FDC-F0F4-40D0-8AF0-0BA050C3728C}.AppStore|x64.ActiveCfg = AppStore|iPhone
		{19A35FDC-F0F4-40D0-8AF0-0BA050C3728C}.AppStore|x86.ActiveCfg = AppStore|iPhone
		{19A35FDC-F0F4-40D0-8AF0-0BA050C3728C}.Debug|Any CPU.ActiveCfg = Debug|iPhone
		{19A35FDC-F0F4-40D0-8AF0-0BA050C3728C}.Debug|ARM.ActiveCfg = Debug|iPhone
		{19A35FDC-F0F4-40D0-8AF0-0BA050C3728C}.Debug|iPhone.ActiveCfg = Debug|iPhone
		{19A35FDC-F0F4-40D0-8AF0-0BA050C3728C}.Debug|iPhone.Build.0 = Debug|iPhone
		{19A35FDC-F0F4-40D0-8AF0-0BA050C3728C}.Debug|iPhoneSimulator.ActiveCfg = Debug|iPhoneSimulator
		{19A35FDC-F0F4-40D0-8AF0-0BA050C3728C}.Debug|iPhoneSimulator.Build.0 = Debug|iPhoneSimulator
		{19A35FDC-F0F4-40D0-8AF0-0BA050C3728C}.Debug|x64.ActiveCfg = Debug|iPhone
		{19A35FDC-F0F4-40D0-8AF0-0BA050C3728C}.Debug|x86.ActiveCfg = Debug|iPhone
		{19A35FDC-F0F4-40D0-8AF0-0BA050C3728C}.Release|Any CPU.ActiveCfg = Release|iPhone
		{19A35FDC-F0F4-40D0-8AF0-0BA050C3728C}.Release|ARM.ActiveCfg = Release|iPhone
		{19A35FDC-F0F4-40D0-8AF0-0BA050C3728C}.Release|iPhone.ActiveCfg = Release|iPhone
		{19A35FDC-F0F4-40D0-8AF0-0BA050C3728C}.Release|iPhone.Build.0 = Release|iPhone
		{19A35FDC-F0F4-40D0-8AF0-0BA050C3728C}.Release|iPhoneSimulator.ActiveCfg = Release|iPhoneSimulator
		{19A35FDC-F0F4-40D0-8AF0-0BA050C3728C}.Release|iPhoneSimulator.Build.0 = Release|iPhoneSimulator
		{19A35FDC-F0F4-40D0-8AF0-0BA050C3728C}.Release|x64.ActiveCfg = Release|iPhone
		{19A35FDC-F0F4-40D0-8AF0-0BA050C3728C}.Release|x86.ActiveCfg = Release|iPhone
		{9DFC9200-B2B1-4533-890F-9648942A0CF5}.Ad-Hoc|Any CPU.ActiveCfg = Release|Any CPU
		{9DFC9200-B2B1-4533-890F-9648942A0CF5}.Ad-Hoc|Any CPU.Build.0 = Release|Any CPU
		{9DFC9200-B2B1-4533-890F-9648942A0CF5}.Ad-Hoc|Any CPU.Deploy.0 = Release|Any CPU
		{9DFC9200-B2B1-4533-890F-9648942A0CF5}.Ad-Hoc|ARM.ActiveCfg = Release|ARM
		{9DFC9200-B2B1-4533-890F-9648942A0CF5}.Ad-Hoc|ARM.Build.0 = Release|ARM
		{9DFC9200-B2B1-4533-890F-9648942A0CF5}.Ad-Hoc|ARM.Deploy.0 = Release|ARM
		{9DFC9200-B2B1-4533-890F-9648942A0CF5}.Ad-Hoc|iPhone.ActiveCfg = Release|Any CPU
		{9DFC9200-B2B1-4533-890F-9648942A0CF5}.Ad-Hoc|iPhone.Build.0 = Release|Any CPU
		{9DFC9200-B2B1-4533-890F-9648942A0CF5}.Ad-Hoc|iPhone.Deploy.0 = Release|Any CPU
		{9DFC9200-B2B1-4533-890F-9648942A0CF5}.Ad-Hoc|iPhoneSimulator.ActiveCfg = Release|Any CPU
		{9DFC9200-B2B1-4533-890F-9648942A0CF5}.Ad-Hoc|iPhoneSimulator.Build.0 = Release|Any CPU
		{9DFC9200-B2B1-4533-890F-9648942A0CF5}.Ad-Hoc|iPhoneSimulator.Deploy.0 = Release|Any CPU
		{9DFC9200-B2B1-4533-890F-9648942A0CF5}.Ad-Hoc|x64.ActiveCfg = Release|Any CPU
		{9DFC9200-B2B1-4533-890F-9648942A0CF5}.Ad-Hoc|x64.Build.0 = Release|Any CPU
		{9DFC9200-B2B1-4533-890F-9648942A0CF5}.Ad-Hoc|x64.Deploy.0 = Release|Any CPU
		{9DFC9200-B2B1-4533-890F-9648942A0CF5}.Ad-Hoc|x86.ActiveCfg = Release|x86
		{9DFC9200-B2B1-4533-890F-9648942A0CF5}.Ad-Hoc|x86.Build.0 = Release|x86
		{9DFC9200-B2B1-4533-890F-9648942A0CF5}.Ad-Hoc|x86.Deploy.0 = Release|x86
		{9DFC9200-B2B1-4533-890F-9648942A0CF5}.AppStore|Any CPU.ActiveCfg = Release|Any CPU
		{9DFC9200-B2B1-4533-890F-9648942A0CF5}.AppStore|Any CPU.Build.0 = Release|Any CPU
		{9DFC9200-B2B1-4533-890F-9648942A0CF5}.AppStore|Any CPU.Deploy.0 = Release|Any CPU
		{9DFC9200-B2B1-4533-890F-9648942A0CF5}.AppStore|ARM.ActiveCfg = Release|ARM
		{9DFC9200-B2B1-4533-890F-9648942A0CF5}.AppStore|ARM.Build.0 = Release|ARM
		{9DFC9200-B2B1-4533-890F-9648942A0CF5}.AppStore|ARM.Deploy.0 = Release|ARM
		{9DFC9200-B2B1-4533-890F-9648942A0CF5}.AppStore|iPhone.ActiveCfg = Release|Any CPU
		{9DFC9200-B2B1-4533-890F-9648942A0CF5}.AppStore|iPhone.Build.0 = Release|Any CPU
		{9DFC9200-B2B1-4533-890F-9648942A0CF5}.AppStore|iPhone.Deploy.0 = Release|Any CPU
		{9DFC9200-B2B1-4533-890F-9648942A0CF5}.AppStore|iPhoneSimulator.ActiveCfg = Release|Any CPU
		{9DFC9200-B2B1-4533-890F-9648942A0CF5}.AppStore|iPhoneSimulator.Build.0 = Release|Any CPU
		{9DFC9200-B2B1-4533-890F-9648942A0CF5}.AppStore|iPhoneSimulator.Deploy.0 = Release|Any CPU
		{9DFC9200-B2B1-4533-890F-9648942A0CF5}.AppStore|x64.ActiveCfg = Release|Any CPU
		{9DFC9200-B2B1-4533-890F-9648942A0CF5}.AppStore|x64.Build.0 = Release|Any CPU
		{9DFC9200-B2B1-4533-890F-9648942A0CF5}.AppStore|x64.Deploy.0 = Release|Any CPU
		{9DFC9200-B2B1-4533-890F-9648942A0CF5}.AppStore|x86.ActiveCfg = Release|x86
		{9DFC9200-B2B1-4533-890F-9648942A0CF5}.AppStore|x86.Build.0 = Release|x86
		{9DFC9200-B2B1-4533-890F-9648942A0CF5}.AppStore|x86.Deploy.0 = Release|x86
		{9DFC9200-B2B1-4533-890F-9648942A0CF5}.Debug|Any CPU.ActiveCfg = Debug|Any CPU
		{9DFC9200-B2B1-4533-890F-9648942A0CF5}.Debug|Any CPU.Build.0 = Debug|Any CPU
		{9DFC9200-B2B1-4533-890F-9648942A0CF5}.Debug|Any CPU.Deploy.0 = Debug|Any CPU
		{9DFC9200-B2B1-4533-890F-9648942A0CF5}.Debug|ARM.ActiveCfg = Debug|ARM
		{9DFC9200-B2B1-4533-890F-9648942A0CF5}.Debug|ARM.Build.0 = Debug|ARM
		{9DFC9200-B2B1-4533-890F-9648942A0CF5}.Debug|ARM.Deploy.0 = Debug|ARM
		{9DFC9200-B2B1-4533-890F-9648942A0CF5}.Debug|iPhone.ActiveCfg = Debug|Any CPU
		{9DFC9200-B2B1-4533-890F-9648942A0CF5}.Debug|iPhone.Build.0 = Debug|Any CPU
		{9DFC9200-B2B1-4533-890F-9648942A0CF5}.Debug|iPhone.Deploy.0 = Debug|Any CPU
		{9DFC9200-B2B1-4533-890F-9648942A0CF5}.Debug|iPhoneSimulator.ActiveCfg = Debug|Any CPU
		{9DFC9200-B2B1-4533-890F-9648942A0CF5}.Debug|iPhoneSimulator.Build.0 = Debug|Any CPU
		{9DFC9200-B2B1-4533-890F-9648942A0CF5}.Debug|iPhoneSimulator.Deploy.0 = Debug|Any CPU
		{9DFC9200-B2B1-4533-890F-9648942A0CF5}.Debug|x64.ActiveCfg = Debug|Any CPU
		{9DFC9200-B2B1-4533-890F-9648942A0CF5}.Debug|x64.Build.0 = Debug|Any CPU
		{9DFC9200-B2B1-4533-890F-9648942A0CF5}.Debug|x64.Deploy.0 = Debug|Any CPU
		{9DFC9200-B2B1-4533-890F-9648942A0CF5}.Debug|x86.ActiveCfg = Debug|x86
		{9DFC9200-B2B1-4533-890F-9648942A0CF5}.Debug|x86.Build.0 = Debug|x86
		{9DFC9200-B2B1-4533-890F-9648942A0CF5}.Debug|x86.Deploy.0 = Debug|x86
		{9DFC9200-B2B1-4533-890F-9648942A0CF5}.Release|Any CPU.ActiveCfg = Release|Any CPU
		{9DFC9200-B2B1-4533-890F-9648942A0CF5}.Release|Any CPU.Build.0 = Release|Any CPU
		{9DFC9200-B2B1-4533-890F-9648942A0CF5}.Release|Any CPU.Deploy.0 = Release|Any CPU
		{9DFC9200-B2B1-4533-890F-9648942A0CF5}.Release|ARM.ActiveCfg = Release|ARM
		{9DFC9200-B2B1-4533-890F-9648942A0CF5}.Release|ARM.Build.0 = Release|ARM
		{9DFC9200-B2B1-4533-890F-9648942A0CF5}.Release|ARM.Deploy.0 = Release|ARM
		{9DFC9200-B2B1-4533-890F-9648942A0CF5}.Release|iPhone.ActiveCfg = Release|Any CPU
		{9DFC9200-B2B1-4533-890F-9648942A0CF5}.Release|iPhone.Build.0 = Release|Any CPU
		{9DFC9200-B2B1-4533-890F-9648942A0CF5}.Release|iPhone.Deploy.0 = Release|Any CPU
		{9DFC9200-B2B1-4533-890F-9648942A0CF5}.Release|iPhoneSimulator.ActiveCfg = Release|Any CPU
		{9DFC9200-B2B1-4533-890F-9648942A0CF5}.Release|iPhoneSimulator.Build.0 = Release|Any CPU
		{9DFC9200-B2B1-4533-890F-9648942A0CF5}.Release|iPhoneSimulator.Deploy.0 = Release|Any CPU
		{9DFC9200-B2B1-4533-890F-9648942A0CF5}.Release|x64.ActiveCfg = Release|Any CPU
		{9DFC9200-B2B1-4533-890F-9648942A0CF5}.Release|x64.Build.0 = Release|Any CPU
		{9DFC9200-B2B1-4533-890F-9648942A0CF5}.Release|x64.Deploy.0 = Release|Any CPU
		{9DFC9200-B2B1-4533-890F-9648942A0CF5}.Release|x86.ActiveCfg = Release|x86
		{9DFC9200-B2B1-4533-890F-9648942A0CF5}.Release|x86.Build.0 = Release|x86
		{9DFC9200-B2B1-4533-890F-9648942A0CF5}.Release|x86.Deploy.0 = Release|x86
		{6217A98E-D685-47BB-8A85-71F9F0BB49AD}.Ad-Hoc|Any CPU.ActiveCfg = Release|Any CPU
		{6217A98E-D685-47BB-8A85-71F9F0BB49AD}.Ad-Hoc|Any CPU.Build.0 = Release|Any CPU
		{6217A98E-D685-47BB-8A85-71F9F0BB49AD}.Ad-Hoc|ARM.ActiveCfg = Release|Any CPU
		{6217A98E-D685-47BB-8A85-71F9F0BB49AD}.Ad-Hoc|ARM.Build.0 = Release|Any CPU
		{6217A98E-D685-47BB-8A85-71F9F0BB49AD}.Ad-Hoc|iPhone.ActiveCfg = Release|Any CPU
		{6217A98E-D685-47BB-8A85-71F9F0BB49AD}.Ad-Hoc|iPhone.Build.0 = Release|Any CPU
		{6217A98E-D685-47BB-8A85-71F9F0BB49AD}.Ad-Hoc|iPhoneSimulator.ActiveCfg = Release|Any CPU
		{6217A98E-D685-47BB-8A85-71F9F0BB49AD}.Ad-Hoc|iPhoneSimulator.Build.0 = Release|Any CPU
		{6217A98E-D685-47BB-8A85-71F9F0BB49AD}.Ad-Hoc|x64.ActiveCfg = Release|Any CPU
		{6217A98E-D685-47BB-8A85-71F9F0BB49AD}.Ad-Hoc|x64.Build.0 = Release|Any CPU
		{6217A98E-D685-47BB-8A85-71F9F0BB49AD}.Ad-Hoc|x86.ActiveCfg = Release|Any CPU
		{6217A98E-D685-47BB-8A85-71F9F0BB49AD}.Ad-Hoc|x86.Build.0 = Release|Any CPU
		{6217A98E-D685-47BB-8A85-71F9F0BB49AD}.AppStore|Any CPU.ActiveCfg = Release|Any CPU
		{6217A98E-D685-47BB-8A85-71F9F0BB49AD}.AppStore|Any CPU.Build.0 = Release|Any CPU
		{6217A98E-D685-47BB-8A85-71F9F0BB49AD}.AppStore|ARM.ActiveCfg = Release|Any CPU
		{6217A98E-D685-47BB-8A85-71F9F0BB49AD}.AppStore|ARM.Build.0 = Release|Any CPU
		{6217A98E-D685-47BB-8A85-71F9F0BB49AD}.AppStore|iPhone.ActiveCfg = Release|Any CPU
		{6217A98E-D685-47BB-8A85-71F9F0BB49AD}.AppStore|iPhone.Build.0 = Release|Any CPU
		{6217A98E-D685-47BB-8A85-71F9F0BB49AD}.AppStore|iPhoneSimulator.ActiveCfg = Release|Any CPU
		{6217A98E-D685-47BB-8A85-71F9F0BB49AD}.AppStore|iPhoneSimulator.Build.0 = Release|Any CPU
		{6217A98E-D685-47BB-8A85-71F9F0BB49AD}.AppStore|x64.ActiveCfg = Release|Any CPU
		{6217A98E-D685-47BB-8A85-71F9F0BB49AD}.AppStore|x64.Build.0 = Release|Any CPU
		{6217A98E-D685-47BB-8A85-71F9F0BB49AD}.AppStore|x86.ActiveCfg = Release|Any CPU
		{6217A98E-D685-47BB-8A85-71F9F0BB49AD}.AppStore|x86.Build.0 = Release|Any CPU
		{6217A98E-D685-47BB-8A85-71F9F0BB49AD}.Debug|Any CPU.ActiveCfg = Debug|Any CPU
		{6217A98E-D685-47BB-8A85-71F9F0BB49AD}.Debug|Any CPU.Build.0 = Debug|Any CPU
		{6217A98E-D685-47BB-8A85-71F9F0BB49AD}.Debug|ARM.ActiveCfg = Debug|Any CPU
		{6217A98E-D685-47BB-8A85-71F9F0BB49AD}.Debug|ARM.Build.0 = Debug|Any CPU
		{6217A98E-D685-47BB-8A85-71F9F0BB49AD}.Debug|iPhone.ActiveCfg = Debug|Any CPU
		{6217A98E-D685-47BB-8A85-71F9F0BB49AD}.Debug|iPhone.Build.0 = Debug|Any CPU
		{6217A98E-D685-47BB-8A85-71F9F0BB49AD}.Debug|iPhoneSimulator.ActiveCfg = Debug|Any CPU
		{6217A98E-D685-47BB-8A85-71F9F0BB49AD}.Debug|iPhoneSimulator.Build.0 = Debug|Any CPU
		{6217A98E-D685-47BB-8A85-71F9F0BB49AD}.Debug|x64.ActiveCfg = Debug|Any CPU
		{6217A98E-D685-47BB-8A85-71F9F0BB49AD}.Debug|x64.Build.0 = Debug|Any CPU
		{6217A98E-D685-47BB-8A85-71F9F0BB49AD}.Debug|x86.ActiveCfg = Debug|Any CPU
		{6217A98E-D685-47BB-8A85-71F9F0BB49AD}.Debug|x86.Build.0 = Debug|Any CPU
		{6217A98E-D685-47BB-8A85-71F9F0BB49AD}.Release|Any CPU.ActiveCfg = Release|Any CPU
		{6217A98E-D685-47BB-8A85-71F9F0BB49AD}.Release|Any CPU.Build.0 = Release|Any CPU
		{6217A98E-D685-47BB-8A85-71F9F0BB49AD}.Release|ARM.ActiveCfg = Release|Any CPU
		{6217A98E-D685-47BB-8A85-71F9F0BB49AD}.Release|ARM.Build.0 = Release|Any CPU
		{6217A98E-D685-47BB-8A85-71F9F0BB49AD}.Release|iPhone.ActiveCfg = Release|Any CPU
		{6217A98E-D685-47BB-8A85-71F9F0BB49AD}.Release|iPhone.Build.0 = Release|Any CPU
		{6217A98E-D685-47BB-8A85-71F9F0BB49AD}.Release|iPhoneSimulator.ActiveCfg = Release|Any CPU
		{6217A98E-D685-47BB-8A85-71F9F0BB49AD}.Release|iPhoneSimulator.Build.0 = Release|Any CPU
		{6217A98E-D685-47BB-8A85-71F9F0BB49AD}.Release|x64.ActiveCfg = Release|Any CPU
		{6217A98E-D685-47BB-8A85-71F9F0BB49AD}.Release|x64.Build.0 = Release|Any CPU
		{6217A98E-D685-47BB-8A85-71F9F0BB49AD}.Release|x86.ActiveCfg = Release|Any CPU
		{6217A98E-D685-47BB-8A85-71F9F0BB49AD}.Release|x86.Build.0 = Release|Any CPU
	EndGlobalSection
	GlobalSection(SolutionProperties) = preSolution
		HideSolutionNode = FALSE
	EndGlobalSection
EndGlobal
